// !$*UTF8*$!
{
	archiveVersion = 1;
	classes = {
	};
	objectVersion = 56;
	objects = {

/* Begin PBXBuildFile section */
		6233DC2229EF2EEC00F57F98 /* AppDelegate.swift in Sources */ = {isa = PBXBuildFile; fileRef = 6233DC2129EF2EEC00F57F98 /* AppDelegate.swift */; };
		6233DC2429EF2EEC00F57F98 /* ContentView.swift in Sources */ = {isa = PBXBuildFile; fileRef = 6233DC2329EF2EEC00F57F98 /* ContentView.swift */; };
		6233DC2829EF2EEC00F57F98 /* Assets.xcassets in Resources */ = {isa = PBXBuildFile; fileRef = 6233DC2729EF2EEC00F57F98 /* Assets.xcassets */; };
		6233DC2B29EF2EEC00F57F98 /* Preview Assets.xcassets in Resources */ = {isa = PBXBuildFile; fileRef = 6233DC2A29EF2EEC00F57F98 /* Preview Assets.xcassets */; };
		6233DC3529EF300100F57F98 /* robot_walk_idle.usdz in Resources */ = {isa = PBXBuildFile; fileRef = 6233DC3229EF300000F57F98 /* robot_walk_idle.usdz */; };
		6233DC3629EF300100F57F98 /* toy_biplane_idle.usdz in Resources */ = {isa = PBXBuildFile; fileRef = 6233DC3329EF300000F57F98 /* toy_biplane_idle.usdz */; };
		6233DC3729EF300100F57F98 /* fender_stratocaster.usdz in Resources */ = {isa = PBXBuildFile; fileRef = 6233DC3429EF300100F57F98 /* fender_stratocaster.usdz */; };
		62FBB57429EF655500CAFB43 /* Model.swift in Sources */ = {isa = PBXBuildFile; fileRef = 62FBB57329EF655500CAFB43 /* Model.swift */; };
		62FBB57629EF688000CAFB43 /* ARViewContainer.swift in Sources */ = {isa = PBXBuildFile; fileRef = 62FBB57529EF688000CAFB43 /* ARViewContainer.swift */; };
		62FBB57829EF68BE00CAFB43 /* ModelViewPicker.swift in Sources */ = {isa = PBXBuildFile; fileRef = 62FBB57729EF68BE00CAFB43 /* ModelViewPicker.swift */; };
		62FBB57B29EF68F200CAFB43 /* PlacementButtonsView.swift in Sources */ = {isa = PBXBuildFile; fileRef = 62FBB57A29EF68F200CAFB43 /* PlacementButtonsView.swift */; };
		62FBB57E29F4184700CAFB43 /* FocusEntity in Frameworks */ = {isa = PBXBuildFile; productRef = 62FBB57D29F4184700CAFB43 /* FocusEntity */; };
/* End PBXBuildFile section */

/* Begin PBXFileReference section */
		6233DC1E29EF2EEC00F57F98 /* ModelPicker.app */ = {isa = PBXFileReference; explicitFileType = wrapper.application; includeInIndex = 0; path = ModelPicker.app; sourceTree = BUILT_PRODUCTS_DIR; };
		6233DC2129EF2EEC00F57F98 /* AppDelegate.swift */ = {isa = PBXFileReference; lastKnownFileType = sourcecode.swift; path = AppDelegate.swift; sourceTree = "<group>"; };
		6233DC2329EF2EEC00F57F98 /* ContentView.swift */ = {isa = PBXFileReference; lastKnownFileType = sourcecode.swift; path = ContentView.swift; sourceTree = "<group>"; };
		6233DC2729EF2EEC00F57F98 /* Assets.xcassets */ = {isa = PBXFileReference; lastKnownFileType = folder.assetcatalog; path = Assets.xcassets; sourceTree = "<group>"; };
		6233DC2A29EF2EEC00F57F98 /* Preview Assets.xcassets */ = {isa = PBXFileReference; lastKnownFileType = folder.assetcatalog; path = "Preview Assets.xcassets"; sourceTree = "<group>"; };
		6233DC3229EF300000F57F98 /* robot_walk_idle.usdz */ = {isa = PBXFileReference; lastKnownFileType = file.usdz; path = robot_walk_idle.usdz; sourceTree = "<group>"; };
		6233DC3329EF300000F57F98 /* toy_biplane_idle.usdz */ = {isa = PBXFileReference; lastKnownFileType = file.usdz; path = toy_biplane_idle.usdz; sourceTree = "<group>"; };
		6233DC3429EF300100F57F98 /* fender_stratocaster.usdz */ = {isa = PBXFileReference; lastKnownFileType = file.usdz; path = fender_stratocaster.usdz; sourceTree = "<group>"; };
		62FBB57329EF655500CAFB43 /* Model.swift */ = {isa = PBXFileReference; lastKnownFileType = sourcecode.swift; path = Model.swift; sourceTree = "<group>"; };
		62FBB57529EF688000CAFB43 /* ARViewContainer.swift */ = {isa = PBXFileReference; lastKnownFileType = sourcecode.swift; path = ARViewContainer.swift; sourceTree = "<group>"; };
		62FBB57729EF68BE00CAFB43 /* ModelViewPicker.swift */ = {isa = PBXFileReference; lastKnownFileType = sourcecode.swift; path = ModelViewPicker.swift; sourceTree = "<group>"; };
		62FBB57A29EF68F200CAFB43 /* PlacementButtonsView.swift */ = {isa = PBXFileReference; lastKnownFileType = sourcecode.swift; path = PlacementButtonsView.swift; sourceTree = "<group>"; };
/* End PBXFileReference section */

/* Begin PBXFrameworksBuildPhase section */
		6233DC1B29EF2EEC00F57F98 /* Frameworks */ = {
			isa = PBXFrameworksBuildPhase;
			buildActionMask = 2147483647;
			files = (
				62FBB57E29F4184700CAFB43 /* FocusEntity in Frameworks */,
			);
			runOnlyForDeploymentPostprocessing = 0;
		};
/* End PBXFrameworksBuildPhase section */

/* Begin PBXGroup section */
		6233DC1529EF2EEC00F57F98 = {
			isa = PBXGroup;
			children = (
				6233DC2029EF2EEC00F57F98 /* ModelPicker */,
				6233DC1F29EF2EEC00F57F98 /* Products */,
			);
			sourceTree = "<group>";
		};
		6233DC1F29EF2EEC00F57F98 /* Products */ = {
			isa = PBXGroup;
			children = (
				6233DC1E29EF2EEC00F57F98 /* ModelPicker.app */,
			);
			name = Products;
			sourceTree = "<group>";
		};
		6233DC2029EF2EEC00F57F98 /* ModelPicker */ = {
			isa = PBXGroup;
			children = (
				6233DC2129EF2EEC00F57F98 /* AppDelegate.swift */,
				62FBB57029EF651900CAFB43 /* Views */,
				6233DC3129EF2FEC00F57F98 /* Models */,
				6233DC2729EF2EEC00F57F98 /* Assets.xcassets */,
				6233DC2929EF2EEC00F57F98 /* Preview Content */,
			);
			path = ModelPicker;
			sourceTree = "<group>";
		};
		6233DC2929EF2EEC00F57F98 /* Preview Content */ = {
			isa = PBXGroup;
			children = (
				6233DC2A29EF2EEC00F57F98 /* Preview Assets.xcassets */,
			);
			path = "Preview Content";
			sourceTree = "<group>";
		};
		6233DC3129EF2FEC00F57F98 /* Models */ = {
			isa = PBXGroup;
			children = (
				62FBB57329EF655500CAFB43 /* Model.swift */,
				6233DC3429EF300100F57F98 /* fender_stratocaster.usdz */,
				6233DC3229EF300000F57F98 /* robot_walk_idle.usdz */,
				6233DC3329EF300000F57F98 /* toy_biplane_idle.usdz */,
			);
			path = Models;
			sourceTree = "<group>";
		};
		62FBB57029EF651900CAFB43 /* Views */ = {
			isa = PBXGroup;
			children = (
				6233DC2329EF2EEC00F57F98 /* ContentView.swift */,
				62FBB57529EF688000CAFB43 /* ARViewContainer.swift */,
				62FBB57729EF68BE00CAFB43 /* ModelViewPicker.swift */,
				62FBB57A29EF68F200CAFB43 /* PlacementButtonsView.swift */,
			);
			path = Views;
			sourceTree = "<group>";
		};
/* End PBXGroup section */

/* Begin PBXNativeTarget section */
		6233DC1D29EF2EEC00F57F98 /* ModelPicker */ = {
			isa = PBXNativeTarget;
			buildConfigurationList = 6233DC2E29EF2EEC00F57F98 /* Build configuration list for PBXNativeTarget "ModelPicker" */;
			buildPhases = (
				6233DC1A29EF2EEC00F57F98 /* Sources */,
				6233DC1B29EF2EEC00F57F98 /* Frameworks */,
				6233DC1C29EF2EEC00F57F98 /* Resources */,
			);
			buildRules = (
			);
			dependencies = (
			);
			name = ModelPicker;
			packageProductDependencies = (
				62FBB57D29F4184700CAFB43 /* FocusEntity */,
			);
			productName = ModelPicker;
			productReference = 6233DC1E29EF2EEC00F57F98 /* ModelPicker.app */;
			productType = "com.apple.product-type.application";
		};
/* End PBXNativeTarget section */

/* Begin PBXProject section */
		6233DC1629EF2EEC00F57F98 /* Project object */ = {
			isa = PBXProject;
			attributes = {
				BuildIndependentTargetsInParallel = 1;
				LastSwiftUpdateCheck = 1430;
				LastUpgradeCheck = 1430;
				TargetAttributes = {
					6233DC1D29EF2EEC00F57F98 = {
						CreatedOnToolsVersion = 14.3;
					};
				};
			};
			buildConfigurationList = 6233DC1929EF2EEC00F57F98 /* Build configuration list for PBXProject "ModelPicker" */;
			compatibilityVersion = "Xcode 14.0";
			developmentRegion = en;
			hasScannedForEncodings = 0;
			knownRegions = (
				en,
				Base,
			);
			mainGroup = 6233DC1529EF2EEC00F57F98;
			packageReferences = (
				62FBB57C29F4184700CAFB43 /* XCRemoteSwiftPackageReference "FocusEntity" */,
			);
			productRefGroup = 6233DC1F29EF2EEC00F57F98 /* Products */;
			projectDirPath = "";
			projectRoot = "";
			targets = (
				6233DC1D29EF2EEC00F57F98 /* ModelPicker */,
			);
		};
/* End PBXProject section */

/* Begin PBXResourcesBuildPhase section */
		6233DC1C29EF2EEC00F57F98 /* Resources */ = {
			isa = PBXResourcesBuildPhase;
			buildActionMask = 2147483647;
			files = (
				6233DC3629EF300100F57F98 /* toy_biplane_idle.usdz in Resources */,
				6233DC3729EF300100F57F98 /* fender_stratocaster.usdz in Resources */,
				6233DC2B29EF2EEC00F57F98 /* Preview Assets.xcassets in Resources */,
				6233DC2829EF2EEC00F57F98 /* Assets.xcassets in Resources */,
				6233DC3529EF300100F57F98 /* robot_walk_idle.usdz in Resources */,
			);
			runOnlyForDeploymentPostprocessing = 0;
		};
/* End PBXResourcesBuildPhase section */

/* Begin PBXSourcesBuildPhase section */
		6233DC1A29EF2EEC00F57F98 /* Sources */ = {
			isa = PBXSourcesBuildPhase;
			buildActionMask = 2147483647;
			files = (
				62FBB57B29EF68F200CAFB43 /* PlacementButtonsView.swift in Sources */,
				62FBB57429EF655500CAFB43 /* Model.swift in Sources */,
				62FBB57629EF688000CAFB43 /* ARViewContainer.swift in Sources */,
				62FBB57829EF68BE00CAFB43 /* ModelViewPicker.swift in Sources */,
				6233DC2429EF2EEC00F57F98 /* ContentView.swift in Sources */,
				6233DC2229EF2EEC00F57F98 /* AppDelegate.swift in Sources */,
			);
			runOnlyForDeploymentPostprocessing = 0;
		};
/* End PBXSourcesBuildPhase section */

/* Begin XCBuildConfiguration section */
		6233DC2C29EF2EEC00F57F98 /* Debug */ = {
			isa = XCBuildConfiguration;
			buildSettings = {
				ALWAYS_SEARCH_USER_PATHS = NO;
				CLANG_ANALYZER_NONNULL = YES;
				CLANG_ANALYZER_NUMBER_OBJECT_CONVERSION = YES_AGGRESSIVE;
				CLANG_CXX_LANGUAGE_STANDARD = "gnu++20";
				CLANG_ENABLE_MODULES = YES;
				CLANG_ENABLE_OBJC_ARC = YES;
				CLANG_ENABLE_OBJC_WEAK = YES;
				CLANG_WARN_BLOCK_CAPTURE_AUTORELEASING = YES;
				CLANG_WARN_BOOL_CONVERSION = YES;
				CLANG_WARN_COMMA = YES;
				CLANG_WARN_CONSTANT_CONVERSION = YES;
				CLANG_WARN_DEPRECATED_OBJC_IMPLEMENTATIONS = YES;
				CLANG_WARN_DIRECT_OBJC_ISA_USAGE = YES_ERROR;
				CLANG_WARN_DOCUMENTATION_COMMENTS = YES;
				CLANG_WARN_EMPTY_BODY = YES;
				CLANG_WARN_ENUM_CONVERSION = YES;
				CLANG_WARN_INFINITE_RECURSION = YES;
				CLANG_WARN_INT_CONVERSION = YES;
				CLANG_WARN_NON_LITERAL_NULL_CONVERSION = YES;
				CLANG_WARN_OBJC_IMPLICIT_RETAIN_SELF = YES;
				CLANG_WARN_OBJC_LITERAL_CONVERSION = YES;
				CLANG_WARN_OBJC_ROOT_CLASS = YES_ERROR;
				CLANG_WARN_QUOTED_INCLUDE_IN_FRAMEWORK_HEADER = YES;
				CLANG_WARN_RANGE_LOOP_ANALYSIS = YES;
				CLANG_WARN_STRICT_PROTOTYPES = YES;
				CLANG_WARN_SUSPICIOUS_MOVE = YES;
				CLANG_WARN_UNGUARDED_AVAILABILITY = YES_AGGRESSIVE;
				CLANG_WARN_UNREACHABLE_CODE = YES;
				CLANG_WARN__DUPLICATE_METHOD_MATCH = YES;
				COPY_PHASE_STRIP = NO;
				DEBUG_INFORMATION_FORMAT = dwarf;
				ENABLE_STRICT_OBJC_MSGSEND = YES;
				ENABLE_TESTABILITY = YES;
				GCC_C_LANGUAGE_STANDARD = gnu11;
				GCC_DYNAMIC_NO_PIC = NO;
				GCC_NO_COMMON_BLOCKS = YES;
				GCC_OPTIMIZATION_LEVEL = 0;
				GCC_PREPROCESSOR_DEFINITIONS = (
					"DEBUG=1",
					"$(inherited)",
				);
				GCC_WARN_64_TO_32_BIT_CONVERSION = YES;
				GCC_WARN_ABOUT_RETURN_TYPE = YES_ERROR;
				GCC_WARN_UNDECLARED_SELECTOR = YES;
				GCC_WARN_UNINITIALIZED_AUTOS = YES_AGGRESSIVE;
				GCC_WARN_UNUSED_FUNCTION = YES;
				GCC_WARN_UNUSED_VARIABLE = YES;
				IPHONEOS_DEPLOYMENT_TARGET = 16.4;
				MTL_ENABLE_DEBUG_INFO = INCLUDE_SOURCE;
				MTL_FAST_MATH = YES;
				ONLY_ACTIVE_ARCH = YES;
				SDKROOT = iphoneos;
				SWIFT_ACTIVE_COMPILATION_CONDITIONS = DEBUG;
				SWIFT_OPTIMIZATION_LEVEL = "-Onone";
			};
			name = Debug;
		};
		6233DC2D29EF2EEC00F57F98 /* Release */ = {
			isa = XCBuildConfiguration;
			buildSettings = {
				ALWAYS_SEARCH_USER_PATHS = NO;
				CLANG_ANALYZER_NONNULL = YES;
				CLANG_ANALYZER_NUMBER_OBJECT_CONVERSION = YES_AGGRESSIVE;
				CLANG_CXX_LANGUAGE_STANDARD = "gnu++20";
				CLANG_ENABLE_MODULES = YES;
				CLANG_ENABLE_OBJC_ARC = YES;
				CLANG_ENABLE_OBJC_WEAK = YES;
				CLANG_WARN_BLOCK_CAPTURE_AUTORELEASING = YES;
				CLANG_WARN_BOOL_CONVERSION = YES;
				CLANG_WARN_COMMA = YES;
				CLANG_WARN_CONSTANT_CONVERSION = YES;
				CLANG_WARN_DEPRECATED_OBJC_IMPLEMENTATIONS = YES;
				CLANG_WARN_DIRECT_OBJC_ISA_USAGE = YES_ERROR;
				CLANG_WARN_DOCUMENTATION_COMMENTS = YES;
				CLANG_WARN_EMPTY_BODY = YES;
				CLANG_WARN_ENUM_CONVERSION = YES;
				CLANG_WARN_INFINITE_RECURSION = YES;
				CLANG_WARN_INT_CONVERSION = YES;
				CLANG_WARN_NON_LITERAL_NULL_CONVERSION = YES;
				CLANG_WARN_OBJC_IMPLICIT_RETAIN_SELF = YES;
				CLANG_WARN_OBJC_LITERAL_CONVERSION = YES;
				CLANG_WARN_OBJC_ROOT_CLASS = YES_ERROR;
				CLANG_WARN_QUOTED_INCLUDE_IN_FRAMEWORK_HEADER = YES;
				CLANG_WARN_RANGE_LOOP_ANALYSIS = YES;
				CLANG_WARN_STRICT_PROTOTYPES = YES;
				CLANG_WARN_SUSPICIOUS_MOVE = YES;
				CLANG_WARN_UNGUARDED_AVAILABILITY = YES_AGGRESSIVE;
				CLANG_WARN_UNREACHABLE_CODE = YES;
				CLANG_WARN__DUPLICATE_METHOD_MATCH = YES;
				COPY_PHASE_STRIP = NO;
				DEBUG_INFORMATION_FORMAT = "dwarf-with-dsym";
				ENABLE_NS_ASSERTIONS = NO;
				ENABLE_STRICT_OBJC_MSGSEND = YES;
				GCC_C_LANGUAGE_STANDARD = gnu11;
				GCC_NO_COMMON_BLOCKS = YES;
				GCC_WARN_64_TO_32_BIT_CONVERSION = YES;
				GCC_WARN_ABOUT_RETURN_TYPE = YES_ERROR;
				GCC_WARN_UNDECLARED_SELECTOR = YES;
				GCC_WARN_UNINITIALIZED_AUTOS = YES_AGGRESSIVE;
				GCC_WARN_UNUSED_FUNCTION = YES;
				GCC_WARN_UNUSED_VARIABLE = YES;
				IPHONEOS_DEPLOYMENT_TARGET = 16.4;
				MTL_ENABLE_DEBUG_INFO = NO;
				MTL_FAST_MATH = YES;
				SDKROOT = iphoneos;
				SWIFT_COMPILATION_MODE = wholemodule;
				SWIFT_OPTIMIZATION_LEVEL = "-O";
				VALIDATE_PRODUCT = YES;
			};
			name = Release;
		};
		6233DC2F29EF2EEC00F57F98 /* Debug */ = {
			isa = XCBuildConfiguration;
			buildSettings = {
				ASSETCATALOG_COMPILER_APPICON_NAME = AppIcon;
				ASSETCATALOG_COMPILER_GLOBAL_ACCENT_COLOR_NAME = AccentColor;
				CODE_SIGN_STYLE = Automatic;
				CURRENT_PROJECT_VERSION = 1;
				DEVELOPMENT_ASSET_PATHS = "\"ModelPicker/Preview Content\"";
				DEVELOPMENT_TEAM = BMNBE7JVDJ;
				ENABLE_PREVIEWS = YES;
				GENERATE_INFOPLIST_FILE = YES;
				INFOPLIST_KEY_NSCameraUsageDescription = "";
				INFOPLIST_KEY_UIApplicationSupportsIndirectInputEvents = YES;
				INFOPLIST_KEY_UILaunchScreen_Generation = YES;
				INFOPLIST_KEY_UIRequiredDeviceCapabilities = arkit;
				INFOPLIST_KEY_UIStatusBarHidden = YES;
				INFOPLIST_KEY_UISupportedInterfaceOrientations_iPad = "UIInterfaceOrientationPortrait UIInterfaceOrientationPortraitUpsideDown UIInterfaceOrientationLandscapeLeft UIInterfaceOrientationLandscapeRight";
				INFOPLIST_KEY_UISupportedInterfaceOrientations_iPhone = "UIInterfaceOrientationPortrait UIInterfaceOrientationLandscapeLeft UIInterfaceOrientationLandscapeRight";
				IPHONEOS_DEPLOYMENT_TARGET = 16.0;
				LD_RUNPATH_SEARCH_PATHS = (
					"$(inherited)",
					"@executable_path/Frameworks",
				);
				MARKETING_VERSION = 1.0;
				PRODUCT_BUNDLE_IDENTIFIER = com.elihartnett.ModelPicker;
				PRODUCT_NAME = "$(TARGET_NAME)";
				SWIFT_EMIT_LOC_STRINGS = YES;
				SWIFT_VERSION = 5.0;
				TARGETED_DEVICE_FAMILY = "1,2";
			};
			name = Debug;
		};
		6233DC3029EF2EEC00F57F98 /* Release */ = {
			isa = XCBuildConfiguration;
			buildSettings = {
				ASSETCATALOG_COMPILER_APPICON_NAME = AppIcon;
				ASSETCATALOG_COMPILER_GLOBAL_ACCENT_COLOR_NAME = AccentColor;
				CODE_SIGN_STYLE = Automatic;
				CURRENT_PROJECT_VERSION = 1;
				DEVELOPMENT_ASSET_PATHS = "\"ModelPicker/Preview Content\"";
				DEVELOPMENT_TEAM = BMNBE7JVDJ;
				ENABLE_PREVIEWS = YES;
				GENERATE_INFOPLIST_FILE = YES;
				INFOPLIST_KEY_NSCameraUsageDescription = "";
				INFOPLIST_KEY_UIApplicationSupportsIndirectInputEvents = YES;
				INFOPLIST_KEY_UILaunchScreen_Generation = YES;
				INFOPLIST_KEY_UIRequiredDeviceCapabilities = arkit;
				INFOPLIST_KEY_UIStatusBarHidden = YES;
				INFOPLIST_KEY_UISupportedInterfaceOrientations_iPad = "UIInterfaceOrientationPortrait UIInterfaceOrientationPortraitUpsideDown UIInterfaceOrientationLandscapeLeft UIInterfaceOrientationLandscapeRight";
				INFOPLIST_KEY_UISupportedInterfaceOrientations_iPhone = "UIInterfaceOrientationPortrait UIInterfaceOrientationLandscapeLeft UIInterfaceOrientationLandscapeRight";
				IPHONEOS_DEPLOYMENT_TARGET = 16.0;
				LD_RUNPATH_SEARCH_PATHS = (
					"$(inherited)",
					"@executable_path/Frameworks",
				);
				MARKETING_VERSION = 1.0;
				PRODUCT_BUNDLE_IDENTIFIER = com.elihartnett.ModelPicker;
				PRODUCT_NAME = "$(TARGET_NAME)";
				SWIFT_EMIT_LOC_STRINGS = YES;
				SWIFT_VERSION = 5.0;
				TARGETED_DEVICE_FAMILY = "1,2";
			};
			name = Release;
		};
/* End XCBuildConfiguration section */

/* Begin XCConfigurationList section */
		6233DC1929EF2EEC00F57F98 /* Build configuration list for PBXProject "ModelPicker" */ = {
			isa = XCConfigurationList;
			buildConfigurations = (
				6233DC2C29EF2EEC00F57F98 /* Debug */,
				6233DC2D29EF2EEC00F57F98 /* Release */,
			);
			defaultConfigurationIsVisible = 0;
			defaultConfigurationName = Release;
		};
		6233DC2E29EF2EEC00F57F98 /* Build configuration list for PBXNativeTarget "ModelPicker" */ = {
			isa = XCConfigurationList;
			buildConfigurations = (
				6233DC2F29EF2EEC00F57F98 /* Debug */,
				6233DC3029EF2EEC00F57F98 /* Release */,
			);
			defaultConfigurationIsVisible = 0;
			defaultConfigurationName = Release;
		};
/* End XCConfigurationList section */

/* Begin XCRemoteSwiftPackageReference section */
		62FBB57C29F4184700CAFB43 /* XCRemoteSwiftPackageReference "FocusEntity" */ = {
			isa = XCRemoteSwiftPackageReference;
			repositoryURL = "https://github.com/maxxfrazer/FocusEntity.git";
			requirement = {
				kind = upToNextMajorVersion;
				minimumVersion = 2.0.0;
			};
		};
/* End XCRemoteSwiftPackageReference section */

/* Begin XCSwiftPackageProductDependency section */
		62FBB57D29F4184700CAFB43 /* FocusEntity */ = {
			isa = XCSwiftPackageProductDependency;
			package = 62FBB57C29F4184700CAFB43 /* XCRemoteSwiftPackageReference "FocusEntity" */;
			productName = FocusEntity;
		};
/* End XCSwiftPackageProductDependency section */
	};
	rootObject = 6233DC1629EF2EEC00F57F98 /* Project object */;
}
